
Microsoft Visual Studio Solution File, Format Version 12.00
# Visual Studio Version 17
VisualStudioVersion = 17.4.33213.308
MinimumVisualStudioVersion = 10.0.40219.1
Project("{FAE04EC0-301F-11D3-BF4B-00C04F79EFBC}") = "SimpleWebAPI", "SimpleWebAPI\SimpleWebAPI.csproj", "{9698FD5D-1905-42E5-8A02-AA663C7F6C65}"
EndProject
Global
	GlobalSection(SolutionConfigurationPlatforms) = preSolution
		Debug|Any CPU = Debug|Any CPU
		Release|Any CPU = Release|Any CPU
	EndGlobalSection
	GlobalSection(ProjectConfigurationPlatforms) = postSolution
		{9698FD5D-1905-42E5-8A02-AA663C7F6C65}.Debug|Any CPU.ActiveCfg = Debug|Any CPU
		{9698FD5D-1905-42E5-8A02-AA663C7F6C65}.Debug|Any CPU.Build.0 = Debug|Any CPU
		{9698FD5D-1905-42E5-8A02-AA663C7F6C65}.Release|Any CPU.ActiveCfg = Release|Any CPU
		{9698FD5D-1905-42E5-8A02-AA663C7F6C65}.Release|Any CPU.Build.0 = Release|Any CPU
	EndGlobalSection
	GlobalSection(SolutionProperties) = preSolution
		HideSolutionNode = FALSE
	EndGlobalSection
	GlobalSection(ExtensibilityGlobals) = postSolution
		SolutionGuid = {0A7DBD97-E555-4CA6-B061-2C04206ACBE3}
	EndGlobalSection
EndGlobal
